
Microsoft Visual Studio Solution File, Format Version 12.00
# Visual Studio 2012
Project("{8BC9CEB8-8B4A-11D0-8D11-00A0C91BC942}") = "JXRImgCheck", "JXRImgCheck.vcxproj", "{77B31727-A51D-41D2-9B70-B90EF3660188}"
EndProject
Global
	GlobalSection(SolutionConfigurationPlatforms) = preSolution
		Debug|Win32 = Debug|Win32
		Release|Win32 = Release|Win32
	EndGlobalSection
	GlobalSection(ProjectConfigurationPlatforms) = postSolution
		{77B31727-A51D-41D2-9B70-B90EF3660188}.Debug|Win32.ActiveCfg = Debug|Win32
		{77B31727-A51D-41D2-9B70-B90EF3660188}.Debug|Win32.Build.0 = Debug|Win32
		{77B31727-A51D-41D2-9B70-B90EF3660188}.Release|Win32.ActiveCfg = Release|Win32
		{77B31727-A51D-41D2-9B70-B90EF3660188}.Release|Win32.Build.0 = Release|Win32
	EndGlobalSection
	GlobalSection(SolutionProperties) = preSolution
		HideSolutionNode = FALSE
	EndGlobalSection
EndGlobal
